
Microsoft Visual Studio Solution File, Format Version 12.00
# Visual Studio Version 17
VisualStudioVersion = 17.10.35004.147
MinimumVisualStudioVersion = 10.0.40219.1
Project("{FAE04EC0-301F-11D3-BF4B-00C04F79EFBC}") = "UI", "UI\UI.csproj", "{AEAF0F68-932E-41E7-81C5-88760A9D52E3}"
EndProject
Project("{FAE04EC0-301F-11D3-BF4B-00C04F79EFBC}") = "DAO", "DAO\DAO.csproj", "{00D0FE13-86C0-45BE-9EF9-154E355B0470}"
EndProject
Project("{FAE04EC0-301F-11D3-BF4B-00C04F79EFBC}") = "BLL", "BLL\BLL.csproj", "{24E6BCAE-544B-457D-B52C-E38456ADFB91}"
EndProject
Project("{FAE04EC0-301F-11D3-BF4B-00C04F79EFBC}") = "DOMAIN", "DOMAIN\DOMAIN.csproj", "{919BB719-A785-4507-BD0F-B2A2EBF3FB14}"
EndProject
Project("{FAE04EC0-301F-11D3-BF4B-00C04F79EFBC}") = "SERVICES", "SERVICES\SERVICES.csproj", "{B543FE76-E9B5-408B-AC0D-BB5DD553445C}"
EndProject
Project("{54435603-DBB4-11D2-8724-00A0C9A8B90C}") = "Sistema_gestion_setup", "Sistema_gestion_setup\Sistema_gestion_setup.vdproj", "{17B6F6A8-15F4-4FD5-90BA-5641CE348C5F}"
EndProject
Global
	GlobalSection(SolutionConfigurationPlatforms) = preSolution
		Debug|Any CPU = Debug|Any CPU
		Release|Any CPU = Release|Any CPU
	EndGlobalSection
	GlobalSection(ProjectConfigurationPlatforms) = postSolution
		{AEAF0F68-932E-41E7-81C5-88760A9D52E3}.Debug|Any CPU.ActiveCfg = Debug|Any CPU
		{AEAF0F68-932E-41E7-81C5-88760A9D52E3}.Debug|Any CPU.Build.0 = Debug|Any CPU
		{AEAF0F68-932E-41E7-81C5-88760A9D52E3}.Release|Any CPU.ActiveCfg = Release|Any CPU
		{AEAF0F68-932E-41E7-81C5-88760A9D52E3}.Release|Any CPU.Build.0 = Release|Any CPU
		{00D0FE13-86C0-45BE-9EF9-154E355B0470}.Debug|Any CPU.ActiveCfg = Debug|Any CPU
		{00D0FE13-86C0-45BE-9EF9-154E355B0470}.Debug|Any CPU.Build.0 = Debug|Any CPU
		{00D0FE13-86C0-45BE-9EF9-154E355B0470}.Release|Any CPU.ActiveCfg = Release|Any CPU
		{00D0FE13-86C0-45BE-9EF9-154E355B0470}.Release|Any CPU.Build.0 = Release|Any CPU
		{24E6BCAE-544B-457D-B52C-E38456ADFB91}.Debug|Any CPU.ActiveCfg = Debug|Any CPU
		{24E6BCAE-544B-457D-B52C-E38456ADFB91}.Debug|Any CPU.Build.0 = Debug|Any CPU
		{24E6BCAE-544B-457D-B52C-E38456ADFB91}.Release|Any CPU.ActiveCfg = Release|Any CPU
		{24E6BCAE-544B-457D-B52C-E38456ADFB91}.Release|Any CPU.Build.0 = Release|Any CPU
		{919BB719-A785-4507-BD0F-B2A2EBF3FB14}.Debug|Any CPU.ActiveCfg = Debug|Any CPU
		{919BB719-A785-4507-BD0F-B2A2EBF3FB14}.Debug|Any CPU.Build.0 = Debug|Any CPU
		{919BB719-A785-4507-BD0F-B2A2EBF3FB14}.Release|Any CPU.ActiveCfg = Release|Any CPU
		{919BB719-A785-4507-BD0F-B2A2EBF3FB14}.Release|Any CPU.Build.0 = Release|Any CPU
		{B543FE76-E9B5-408B-AC0D-BB5DD553445C}.Debug|Any CPU.ActiveCfg = Debug|Any CPU
		{B543FE76-E9B5-408B-AC0D-BB5DD553445C}.Debug|Any CPU.Build.0 = Debug|Any CPU
		{B543FE76-E9B5-408B-AC0D-BB5DD553445C}.Release|Any CPU.ActiveCfg = Release|Any CPU
		{B543FE76-E9B5-408B-AC0D-BB5DD553445C}.Release|Any CPU.Build.0 = Release|Any CPU
		{17B6F6A8-15F4-4FD5-90BA-5641CE348C5F}.Debug|Any CPU.ActiveCfg = Debug
		{17B6F6A8-15F4-4FD5-90BA-5641CE348C5F}.Release|Any CPU.ActiveCfg = Release
	EndGlobalSection
	GlobalSection(SolutionProperties) = preSolution
		HideSolutionNode = FALSE
	EndGlobalSection
	GlobalSection(ExtensibilityGlobals) = postSolution
		SolutionGuid = {0E958EC6-9992-47C2-9072-9676A9E193E8}
	EndGlobalSection
EndGlobal
